
Microsoft Visual Studio Solution File, Format Version 12.00
# Visual Studio Version 17
VisualStudioVersion = 17.5.002.0
MinimumVisualStudioVersion = 10.0.40219.1
Project("{9A19103F-16F7-4668-BE54-9A1E7A4F7556}") = "RestaurantRaterDotAPI", "RestaurantRaterDotAPI\RestaurantRaterDotAPI.csproj", "{07CB3BF8-0812-4B3E-A53E-232DED07A89D}"
EndProject
Global
	GlobalSection(SolutionConfigurationPlatforms) = preSolution
		Debug|Any CPU = Debug|Any CPU
		Release|Any CPU = Release|Any CPU
	EndGlobalSection
	GlobalSection(ProjectConfigurationPlatforms) = postSolution
		{07CB3BF8-0812-4B3E-A53E-232DED07A89D}.Debug|Any CPU.ActiveCfg = Debug|Any CPU
		{07CB3BF8-0812-4B3E-A53E-232DED07A89D}.Debug|Any CPU.Build.0 = Debug|Any CPU
		{07CB3BF8-0812-4B3E-A53E-232DED07A89D}.Release|Any CPU.ActiveCfg = Release|Any CPU
		{07CB3BF8-0812-4B3E-A53E-232DED07A89D}.Release|Any CPU.Build.0 = Release|Any CPU
	EndGlobalSection
	GlobalSection(SolutionProperties) = preSolution
		HideSolutionNode = FALSE
	EndGlobalSection
	GlobalSection(ExtensibilityGlobals) = postSolution
		SolutionGuid = {9E686230-F159-46D5-9D38-7836DF0A30CF}
	EndGlobalSection
EndGlobal
